// !$*UTF8*$!
{
	archiveVersion = 1;
	classes = {
	};
	objectVersion = 46;
	objects = {

/* Begin PBXBuildFile section */
		5AE712261B3909B100768E2E /* AppDelegate.swift in Sources */ = {isa = PBXBuildFile; fileRef = 5AE712251B3909B100768E2E /* AppDelegate.swift */; };
		5AE712281B3909B100768E2E /* ViewController.swift in Sources */ = {isa = PBXBuildFile; fileRef = 5AE712271B3909B100768E2E /* ViewController.swift */; };
		5AE7122B1B3909B100768E2E /* Main.storyboard in Resources */ = {isa = PBXBuildFile; fileRef = 5AE712291B3909B100768E2E /* Main.storyboard */; };
		5AE7122D1B3909B100768E2E /* Images.xcassets in Resources */ = {isa = PBXBuildFile; fileRef = 5AE7122C1B3909B100768E2E /* Images.xcassets */; };
		5AE712301B3909B100768E2E /* LaunchScreen.xib in Resources */ = {isa = PBXBuildFile; fileRef = 5AE7122E1B3909B100768E2E /* LaunchScreen.xib */; };
		5AE7123C1B3909B100768E2E /* multiviewTests.swift in Sources */ = {isa = PBXBuildFile; fileRef = 5AE7123B1B3909B100768E2E /* multiviewTests.swift */; };
/* End PBXBuildFile section */

/* Begin PBXContainerItemProxy section */
		5AE712361B3909B100768E2E /* PBXContainerItemProxy */ = {
			isa = PBXContainerItemProxy;
			containerPortal = 5AE712181B3909B100768E2E /* Project object */;
			proxyType = 1;
			remoteGlobalIDString = 5AE7121F1B3909B100768E2E;
			remoteInfo = multiview;
		};
/* End PBXContainerItemProxy section */

/* Begin PBXFileReference section */
		5AE712201B3909B100768E2E /* multiview.app */ = {isa = PBXFileReference; explicitFileType = wrapper.application; includeInIndex = 0; path = multiview.app; sourceTree = BUILT_PRODUCTS_DIR; };
		5AE712241B3909B100768E2E /* Info.plist */ = {isa = PBXFileReference; lastKnownFileType = text.plist.xml; path = Info.plist; sourceTree = "<group>"; };
		5AE712251B3909B100768E2E /* AppDelegate.swift */ = {isa = PBXFileReference; lastKnownFileType = sourcecode.swift; path = AppDelegate.swift; sourceTree = "<group>"; };
		5AE712271B3909B100768E2E /* ViewController.swift */ = {isa = PBXFileReference; lastKnownFileType = sourcecode.swift; path = ViewController.swift; sourceTree = "<group>"; };
		5AE7122A1B3909B100768E2E /* Base */ = {isa = PBXFileReference; lastKnownFileType = file.storyboard; name = Base; path = Base.lproj/Main.storyboard; sourceTree = "<group>"; };
		5AE7122C1B3909B100768E2E /* Images.xcassets */ = {isa = PBXFileReference; lastKnownFileType = folder.assetcatalog; path = Images.xcassets; sourceTree = "<group>"; };
		5AE7122F1B3909B100768E2E /* Base */ = {isa = PBXFileReference; lastKnownFileType = file.xib; name = Base; path = Base.lproj/LaunchScreen.xib; sourceTree = "<group>"; };
		5AE712351B3909B100768E2E /* multiviewTests.xctest */ = {isa = PBXFileReference; explicitFileType = wrapper.cfbundle; includeInIndex = 0; path = multiviewTests.xctest; sourceTree = BUILT_PRODUCTS_DIR; };
		5AE7123A1B3909B100768E2E /* Info.plist */ = {isa = PBXFileReference; lastKnownFileType = text.plist.xml; path = Info.plist; sourceTree = "<group>"; };
		5AE7123B1B3909B100768E2E /* multiviewTests.swift */ = {isa = PBXFileReference; lastKnownFileType = sourcecode.swift; path = multiviewTests.swift; sourceTree = "<group>"; };
/* End PBXFileReference section */

/* Begin PBXFrameworksBuildPhase section */
		5AE7121D1B3909B100768E2E /* Frameworks */ = {
			isa = PBXFrameworksBuildPhase;
			buildActionMask = 2147483647;
			files = (
			);
			runOnlyForDeploymentPostprocessing = 0;
		};
		5AE712321B3909B100768E2E /* Frameworks */ = {
			isa = PBXFrameworksBuildPhase;
			buildActionMask = 2147483647;
			files = (
			);
			runOnlyForDeploymentPostprocessing = 0;
		};
/* End PBXFrameworksBuildPhase section */

/* Begin PBXGroup section */
		5AE712171B3909B100768E2E = {
			isa = PBXGroup;
			children = (
				5AE712221B3909B100768E2E /* multiview */,
				5AE712381B3909B100768E2E /* multiviewTests */,
				5AE712211B3909B100768E2E /* Products */,
			);
			sourceTree = "<group>";
		};
		5AE712211B3909B100768E2E /* Products */ = {
			isa = PBXGroup;
			children = (
				5AE712201B3909B100768E2E /* multiview.app */,
				5AE712351B3909B100768E2E /* multiviewTests.xctest */,
			);
			name = Products;
			sourceTree = "<group>";
		};
		5AE712221B3909B100768E2E /* multiview */ = {
			isa = PBXGroup;
			children = (
				5AE712251B3909B100768E2E /* AppDelegate.swift */,
				5AE712271B3909B100768E2E /* ViewController.swift */,
				5AE712291B3909B100768E2E /* Main.storyboard */,
				5AE7122C1B3909B100768E2E /* Images.xcassets */,
				5AE7122E1B3909B100768E2E /* LaunchScreen.xib */,
				5AE712231B3909B100768E2E /* Supporting Files */,
			);
			path = multiview;
			sourceTree = "<group>";
		};
		5AE712231B3909B100768E2E /* Supporting Files */ = {
			isa = PBXGroup;
			children = (
				5AE712241B3909B100768E2E /* Info.plist */,
			);
			name = "Supporting Files";
			sourceTree = "<group>";
		};
		5AE712381B3909B100768E2E /* multiviewTests */ = {
			isa = PBXGroup;
			children = (
				5AE7123B1B3909B100768E2E /* multiviewTests.swift */,
				5AE712391B3909B100768E2E /* Supporting Files */,
			);
			path = multiviewTests;
			sourceTree = "<group>";
		};
		5AE712391B3909B100768E2E /* Supporting Files */ = {
			isa = PBXGroup;
			children = (
				5AE7123A1B3909B100768E2E /* Info.plist */,
			);
			name = "Supporting Files";
			sourceTree = "<group>";
		};
/* End PBXGroup section */

/* Begin PBXNativeTarget section */
		5AE7121F1B3909B100768E2E /* multiview */ = {
			isa = PBXNativeTarget;
			buildConfigurationList = 5AE7123F1B3909B100768E2E /* Build configuration list for PBXNativeTarget "multiview" */;
			buildPhases = (
				5AE7121C1B3909B100768E2E /* Sources */,
				5AE7121D1B3909B100768E2E /* Frameworks */,
				5AE7121E1B3909B100768E2E /* Resources */,
			);
			buildRules = (
			);
			dependencies = (
			);
			name = multiview;
			productName = multiview;
			productReference = 5AE712201B3909B100768E2E /* multiview.app */;
			productType = "com.apple.product-type.application";
		};
		5AE712341B3909B100768E2E /* multiviewTests */ = {
			isa = PBXNativeTarget;
			buildConfigurationList = 5AE712421B3909B100768E2E /* Build configuration list for PBXNativeTarget "multiviewTests" */;
			buildPhases = (
				5AE712311B3909B100768E2E /* Sources */,
				5AE712321B3909B100768E2E /* Frameworks */,
				5AE712331B3909B100768E2E /* Resources */,
			);
			buildRules = (
			);
			dependencies = (
				5AE712371B3909B100768E2E /* PBXTargetDependency */,
			);
			name = multiviewTests;
			productName = multiviewTests;
			productReference = 5AE712351B3909B100768E2E /* multiviewTests.xctest */;
			productType = "com.apple.product-type.bundle.unit-test";
		};
/* End PBXNativeTarget section */

/* Begin PBXProject section */
		5AE712181B3909B100768E2E /* Project object */ = {
			isa = PBXProject;
			attributes = {
				LastUpgradeCheck = 0630;
				ORGANIZATIONNAME = "Jun Zhou";
				TargetAttributes = {
					5AE7121F1B3909B100768E2E = {
						CreatedOnToolsVersion = 6.3.2;
					};
					5AE712341B3909B100768E2E = {
						CreatedOnToolsVersion = 6.3.2;
						TestTargetID = 5AE7121F1B3909B100768E2E;
					};
				};
			};
			buildConfigurationList = 5AE7121B1B3909B100768E2E /* Build configuration list for PBXProject "multiview" */;
			compatibilityVersion = "Xcode 3.2";
			developmentRegion = English;
			hasScannedForEncodings = 0;
			knownRegions = (
				en,
				Base,
			);
			mainGroup = 5AE712171B3909B100768E2E;
			productRefGroup = 5AE712211B3909B100768E2E /* Products */;
			projectDirPath = "";
			projectRoot = "";
			targets = (
				5AE7121F1B3909B100768E2E /* multiview */,
				5AE712341B3909B100768E2E /* multiviewTests */,
			);
		};
/* End PBXProject section */

/* Begin PBXResourcesBuildPhase section */
		5AE7121E1B3909B100768E2E /* Resources */ = {
			isa = PBXResourcesBuildPhase;
			buildActionMask = 2147483647;
			files = (
				5AE7122B1B3909B100768E2E /* Main.storyboard in Resources */,
				5AE712301B3909B100768E2E /* LaunchScreen.xib in Resources */,
				5AE7122D1B3909B100768E2E /* Images.xcassets in Resources */,
			);
			runOnlyForDeploymentPostprocessing = 0;
		};
		5AE712331B3909B100768E2E /* Resources */ = {
			isa = PBXResourcesBuildPhase;
			buildActionMask = 2147483647;
			files = (
			);
			runOnlyForDeploymentPostprocessing = 0;
		};
/* End PBXResourcesBuildPhase section */

/* Begin PBXSourcesBuildPhase section */
		5AE7121C1B3909B100768E2E /* Sources */ = {
			isa = PBXSourcesBuildPhase;
			buildActionMask = 2147483647;
			files = (
				5AE712281B3909B100768E2E /* ViewController.swift in Sources */,
				5AE712261B3909B100768E2E /* AppDelegate.swift in Sources */,
			);
			runOnlyForDeploymentPostprocessing = 0;
		};
		5AE712311B3909B100768E2E /* Sources */ = {
			isa = PBXSourcesBuildPhase;
			buildActionMask = 2147483647;
			files = (
				5AE7123C1B3909B100768E2E /* multiviewTests.swift in Sources */,
			);
			runOnlyForDeploymentPostprocessing = 0;
		};
/* End PBXSourcesBuildPhase section */

/* Begin PBXTargetDependency section */
		5AE712371B3909B100768E2E /* PBXTargetDependency */ = {
			isa = PBXTargetDependency;
			target = 5AE7121F1B3909B100768E2E /* multiview */;
			targetProxy = 5AE712361B3909B100768E2E /* PBXContainerItemProxy */;
		};
/* End PBXTargetDependency section */

/* Begin PBXVariantGroup section */
		5AE712291B3909B100768E2E /* Main.storyboard */ = {
			isa = PBXVariantGroup;
			children = (
				5AE7122A1B3909B100768E2E /* Base */,
			);
			name = Main.storyboard;
			sourceTree = "<group>";
		};
		5AE7122E1B3909B100768E2E /* LaunchScreen.xib */ = {
			isa = PBXVariantGroup;
			children = (
				5AE7122F1B3909B100768E2E /* Base */,
			);
			name = LaunchScreen.xib;
			sourceTree = "<group>";
		};
/* End PBXVariantGroup section */

/* Begin XCBuildConfiguration section */
		5AE7123D1B3909B100768E2E /* Debug */ = {
			isa = XCBuildConfiguration;
			buildSettings = {
				ALWAYS_SEARCH_USER_PATHS = NO;
				CLANG_CXX_LANGUAGE_STANDARD = "gnu++0x";
				CLANG_CXX_LIBRARY = "libc++";
				CLANG_ENABLE_MODULES = YES;
				CLANG_ENABLE_OBJC_ARC = YES;
				CLANG_WARN_BOOL_CONVERSION = YES;
				CLANG_WARN_CONSTANT_CONVERSION = YES;
				CLANG_WARN_DIRECT_OBJC_ISA_USAGE = YES_ERROR;
				CLANG_WARN_EMPTY_BODY = YES;
				CLANG_WARN_ENUM_CONVERSION = YES;
				CLANG_WARN_INT_CONVERSION = YES;
				CLANG_WARN_OBJC_ROOT_CLASS = YES_ERROR;
				CLANG_WARN_UNREACHABLE_CODE = YES;
				CLANG_WARN__DUPLICATE_METHOD_MATCH = YES;
				"CODE_SIGN_IDENTITY[sdk=iphoneos*]" = "iPhone Developer";
				COPY_PHASE_STRIP = NO;
				DEBUG_INFORMATION_FORMAT = "dwarf-with-dsym";
				ENABLE_STRICT_OBJC_MSGSEND = YES;
				GCC_C_LANGUAGE_STANDARD = gnu99;
				GCC_DYNAMIC_NO_PIC = NO;
				GCC_NO_COMMON_BLOCKS = YES;
				GCC_OPTIMIZATION_LEVEL = 0;
				GCC_PREPROCESSOR_DEFINITIONS = (
					"DEBUG=1",
					"$(inherited)",
				);
				GCC_SYMBOLS_PRIVATE_EXTERN = NO;
				GCC_WARN_64_TO_32_BIT_CONVERSION = YES;
				GCC_WARN_ABOUT_RETURN_TYPE = YES_ERROR;
				GCC_WARN_UNDECLARED_SELECTOR = YES;
				GCC_WARN_UNINITIALIZED_AUTOS = YES_AGGRESSIVE;
				GCC_WARN_UNUSED_FUNCTION = YES;
				GCC_WARN_UNUSED_VARIABLE = YES;
				IPHONEOS_DEPLOYMENT_TARGET = 8.3;
				MTL_ENABLE_DEBUG_INFO = YES;
				ONLY_ACTIVE_ARCH = YES;
				SDKROOT = iphoneos;
				SWIFT_OPTIMIZATION_LEVEL = "-Onone";
				TARGETED_DEVICE_FAMILY = "1,2";
			};
			name = Debug;
		};
		5AE7123E1B3909B100768E2E /* Release */ = {
			isa = XCBuildConfiguration;
			buildSettings = {
				ALWAYS_SEARCH_USER_PATHS = NO;
				CLANG_CXX_LANGUAGE_STANDARD = "gnu++0x";
				CLANG_CXX_LIBRARY = "libc++";
				CLANG_ENABLE_MODULES = YES;
				CLANG_ENABLE_OBJC_ARC = YES;
				CLANG_WARN_BOOL_CONVERSION = YES;
				CLANG_WARN_CONSTANT_CONVERSION = YES;
				CLANG_WARN_DIRECT_OBJC_ISA_USAGE = YES_ERROR;
				CLANG_WARN_EMPTY_BODY = YES;
				CLANG_WARN_ENUM_CONVERSION = YES;
				CLANG_WARN_INT_CONVERSION = YES;
				CLANG_WARN_OBJC_ROOT_CLASS = YES_ERROR;
				CLANG_WARN_UNREACHABLE_CODE = YES;
				CLANG_WARN__DUPLICATE_METHOD_MATCH = YES;
				"CODE_SIGN_IDENTITY[sdk=iphoneos*]" = "iPhone Developer";
				COPY_PHASE_STRIP = NO;
				DEBUG_INFORMATION_FORMAT = "dwarf-with-dsym";
				ENABLE_NS_ASSERTIONS = NO;
				ENABLE_STRICT_OBJC_MSGSEND = YES;
				GCC_C_LANGUAGE_STANDARD = gnu99;
				GCC_NO_COMMON_BLOCKS = YES;
				GCC_WARN_64_TO_32_BIT_CONVERSION = YES;
				GCC_WARN_ABOUT_RETURN_TYPE = YES_ERROR;
				GCC_WARN_UNDECLARED_SELECTOR = YES;
				GCC_WARN_UNINITIALIZED_AUTOS = YES_AGGRESSIVE;
				GCC_WARN_UNUSED_FUNCTION = YES;
				GCC_WARN_UNUSED_VARIABLE = YES;
				IPHONEOS_DEPLOYMENT_TARGET = 8.3;
				MTL_ENABLE_DEBUG_INFO = NO;
				SDKROOT = iphoneos;
				TARGETED_DEVICE_FAMILY = "1,2";
				VALIDATE_PRODUCT = YES;
			};
			name = Release;
		};
		5AE712401B3909B100768E2E /* Debug */ = {
			isa = XCBuildConfiguration;
			buildSettings = {
				ASSETCATALOG_COMPILER_APPICON_NAME = AppIcon;
				INFOPLIST_FILE = multiview/Info.plist;
				LD_RUNPATH_SEARCH_PATHS = "$(inherited) @executable_path/Frameworks";
				PRODUCT_NAME = "$(TARGET_NAME)";
			};
			name = Debug;
		};
		5AE712411B3909B100768E2E /* Release */ = {
			isa = XCBuildConfiguration;
			buildSettings = {
				ASSETCATALOG_COMPILER_APPICON_NAME = AppIcon;
				INFOPLIST_FILE = multiview/Info.plist;
				LD_RUNPATH_SEARCH_PATHS = "$(inherited) @executable_path/Frameworks";
				PRODUCT_NAME = "$(TARGET_NAME)";
			};
			name = Release;
		};
		5AE712431B3909B100768E2E /* Debug */ = {
			isa = XCBuildConfiguration;
			buildSettings = {
				BUNDLE_LOADER = "$(TEST_HOST)";
				FRAMEWORK_SEARCH_PATHS = (
					"$(SDKROOT)/Developer/Library/Frameworks",
					"$(inherited)",
				);
				GCC_PREPROCESSOR_DEFINITIONS = (
					"DEBUG=1",
					"$(inherited)",
				);
				INFOPLIST_FILE = multiviewTests/Info.plist;
				LD_RUNPATH_SEARCH_PATHS = "$(inherited) @executable_path/Frameworks @loader_path/Frameworks";
				PRODUCT_NAME = "$(TARGET_NAME)";
				TEST_HOST = "$(BUILT_PRODUCTS_DIR)/multiview.app/multiview";
			};
			name = Debug;
		};
		5AE712441B3909B100768E2E /* Release */ = {
			isa = XCBuildConfiguration;
			buildSettings = {
				BUNDLE_LOADER = "$(TEST_HOST)";
				FRAMEWORK_SEARCH_PATHS = (
					"$(SDKROOT)/Developer/Library/Frameworks",
					"$(inherited)",
				);
				INFOPLIST_FILE = multiviewTests/Info.plist;
				LD_RUNPATH_SEARCH_PATHS = "$(inherited) @executable_path/Frameworks @loader_path/Frameworks";
				PRODUCT_NAME = "$(TARGET_NAME)";
				TEST_HOST = "$(BUILT_PRODUCTS_DIR)/multiview.app/multiview";
			};
			name = Release;
		};
/* End XCBuildConfiguration section */

/* Begin XCConfigurationList section */
		5AE7121B1B3909B100768E2E /* Build configuration list for PBXProject "multiview" */ = {
			isa = XCConfigurationList;
			buildConfigurations = (
				5AE7123D1B3909B100768E2E /* Debug */,
				5AE7123E1B3909B100768E2E /* Release */,
			);
			defaultConfigurationIsVisible = 0;
			defaultConfigurationName = Release;
		};
		5AE7123F1B3909B100768E2E /* Build configuration list for PBXNativeTarget "multiview" */ = {
			isa = XCConfigurationList;
			buildConfigurations = (
				5AE712401B3909B100768E2E /* Debug */,
				5AE712411B3909B100768E2E /* Release */,
			);
			defaultConfigurationIsVisible = 0;
		};
		5AE712421B3909B100768E2E /* Build configuration list for PBXNativeTarget "multiviewTests" */ = {
			isa = XCConfigurationList;
			buildConfigurations = (
				5AE712431B3909B100768E2E /* Debug */,
				5AE712441B3909B100768E2E /* Release */,
			);
			defaultConfigurationIsVisible = 0;
		};
/* End XCConfigurationList section */
	};
	rootObject = 5AE712181B3909B100768E2E /* Project object */;
}
